# This file was autogenerated by Stack.
# You should not edit this file by hand.
# For more information, please see the documentation at:
#   https://docs.haskellstack.org/en/stable/topics/lock_files

packages: []
snapshots:
- completed:
    sha256: 3bb3bbc6f68f86bbaed30c8f5644f9f39baf255f2723620172098bb64550100d
    size: 656187
    url: https://raw.githubusercontent.com/commercialhaskell/stackage-snapshots/master/nightly/2025/2/28.yaml
  original: nightly-2025-02-28
